
Microsoft Visual Studio Solution File, Format Version 12.00
# Visual Studio 15
VisualStudioVersion = 15.0.28307.1433
MinimumVisualStudioVersion = 10.0.40219.1
Project("{8BC9CEB8-8B4A-11D0-8D11-00A0C91BC942}") = "DiffSim", "DiffSim\DiffSim.vcxproj", "{585C9EB7-338F-459E-B7F4-64BB5ECE5EFD}"
EndProject
Global
	GlobalSection(SolutionConfigurationPlatforms) = preSolution
		Debug|x64 = Debug|x64
		Debug|x86 = Debug|x86
		Release|x64 = Release|x64
		Release|x86 = Release|x86
	EndGlobalSection
	GlobalSection(ProjectConfigurationPlatforms) = postSolution
		{585C9EB7-338F-459E-B7F4-64BB5ECE5EFD}.Debug|x64.ActiveCfg = Debug|x64
		{585C9EB7-338F-459E-B7F4-64BB5ECE5EFD}.Debug|x64.Build.0 = Debug|x64
		{585C9EB7-338F-459E-B7F4-64BB5ECE5EFD}.Debug|x86.ActiveCfg = Debug|Win32
		{585C9EB7-338F-459E-B7F4-64BB5ECE5EFD}.Debug|x86.Build.0 = Debug|Win32
		{585C9EB7-338F-459E-B7F4-64BB5ECE5EFD}.Release|x64.ActiveCfg = Release|x64
		{585C9EB7-338F-459E-B7F4-64BB5ECE5EFD}.Release|x64.Build.0 = Release|x64
		{585C9EB7-338F-459E-B7F4-64BB5ECE5EFD}.Release|x86.ActiveCfg = Release|Win32
		{585C9EB7-338F-459E-B7F4-64BB5ECE5EFD}.Release|x86.Build.0 = Release|Win32
	EndGlobalSection
	GlobalSection(SolutionProperties) = preSolution
		HideSolutionNode = FALSE
	EndGlobalSection
	GlobalSection(ExtensibilityGlobals) = postSolution
		SolutionGuid = {0F3012F6-59C4-4FA1-8FFC-14BD8CDF6577}
	EndGlobalSection
EndGlobal
